// !$*UTF8*$!
{
	archiveVersion = 1;
	classes = {
	};
	objectVersion = 56;
	objects = {

/* Begin PBXBuildFile section */
		9E206ECC2C7E2D960013B0AB /* AvacadosApp.swift in Sources */ = {isa = PBXBuildFile; fileRef = 9E206ECB2C7E2D960013B0AB /* AvacadosApp.swift */; };
		9E206ECE2C7E2D960013B0AB /* ContentView.swift in Sources */ = {isa = PBXBuildFile; fileRef = 9E206ECD2C7E2D960013B0AB /* ContentView.swift */; };
		9E206ED02C7E2D980013B0AB /* Assets.xcassets in Resources */ = {isa = PBXBuildFile; fileRef = 9E206ECF2C7E2D980013B0AB /* Assets.xcassets */; };
		9E206ED32C7E2D980013B0AB /* Preview Assets.xcassets in Resources */ = {isa = PBXBuildFile; fileRef = 9E206ED22C7E2D980013B0AB /* Preview Assets.xcassets */; };
		9E206EDD2C7E2D990013B0AB /* AvacadosTests.swift in Sources */ = {isa = PBXBuildFile; fileRef = 9E206EDC2C7E2D990013B0AB /* AvacadosTests.swift */; };
		9E206EE72C7E2D990013B0AB /* AvacadosUITests.swift in Sources */ = {isa = PBXBuildFile; fileRef = 9E206EE62C7E2D990013B0AB /* AvacadosUITests.swift */; };
		9E206EE92C7E2D990013B0AB /* AvacadosUITestsLaunchTests.swift in Sources */ = {isa = PBXBuildFile; fileRef = 9E206EE82C7E2D990013B0AB /* AvacadosUITestsLaunchTests.swift */; };
		9E206F132C7E2E110013B0AB /* RecipeData.swift in Sources */ = {isa = PBXBuildFile; fileRef = 9E206EF62C7E2E100013B0AB /* RecipeData.swift */; };
		9E206F142C7E2E110013B0AB /* FactData.swift in Sources */ = {isa = PBXBuildFile; fileRef = 9E206EF72C7E2E100013B0AB /* FactData.swift */; };
		9E206F152C7E2E110013B0AB /* HeaderData.swift in Sources */ = {isa = PBXBuildFile; fileRef = 9E206EF82C7E2E100013B0AB /* HeaderData.swift */; };
		9E206F162C7E2E110013B0AB /* RipeningData.swift in Sources */ = {isa = PBXBuildFile; fileRef = 9E206EF92C7E2E100013B0AB /* RipeningData.swift */; };
		9E206F172C7E2E110013B0AB /* AvocadosView.swift in Sources */ = {isa = PBXBuildFile; fileRef = 9E206EFB2C7E2E100013B0AB /* AvocadosView.swift */; };
		9E206F182C7E2E110013B0AB /* FactsView.swift in Sources */ = {isa = PBXBuildFile; fileRef = 9E206EFC2C7E2E110013B0AB /* FactsView.swift */; };
		9E206F192C7E2E110013B0AB /* SettingsView.swift in Sources */ = {isa = PBXBuildFile; fileRef = 9E206EFD2C7E2E110013B0AB /* SettingsView.swift */; };
		9E206F1A2C7E2E110013B0AB /* AppView.swift in Sources */ = {isa = PBXBuildFile; fileRef = 9E206EFE2C7E2E110013B0AB /* AppView.swift */; };
		9E206F1B2C7E2E110013B0AB /* RipeningStagesView.swift in Sources */ = {isa = PBXBuildFile; fileRef = 9E206EFF2C7E2E110013B0AB /* RipeningStagesView.swift */; };
		9E206F1C2C7E2E110013B0AB /* DishesView.swift in Sources */ = {isa = PBXBuildFile; fileRef = 9E206F002C7E2E110013B0AB /* DishesView.swift */; };
		9E206F1D2C7E2E110013B0AB /* RipeningView.swift in Sources */ = {isa = PBXBuildFile; fileRef = 9E206F012C7E2E110013B0AB /* RipeningView.swift */; };
		9E206F1E2C7E2E110013B0AB /* HeaderView.swift in Sources */ = {isa = PBXBuildFile; fileRef = 9E206F022C7E2E110013B0AB /* HeaderView.swift */; };
		9E206F1F2C7E2E110013B0AB /* RecipeCookingView.swift in Sources */ = {isa = PBXBuildFile; fileRef = 9E206F032C7E2E110013B0AB /* RecipeCookingView.swift */; };
		9E206F202C7E2E110013B0AB /* RecipeCardView.swift in Sources */ = {isa = PBXBuildFile; fileRef = 9E206F042C7E2E110013B0AB /* RecipeCardView.swift */; };
		9E206F212C7E2E110013B0AB /* RecipeDetailView.swift in Sources */ = {isa = PBXBuildFile; fileRef = 9E206F052C7E2E110013B0AB /* RecipeDetailView.swift */; };
		9E206F222C7E2E110013B0AB /* RecipeRatingView.swift in Sources */ = {isa = PBXBuildFile; fileRef = 9E206F062C7E2E110013B0AB /* RecipeRatingView.swift */; };
		9E206F242C7E2E110013B0AB /* SceneDelegate.swift in Sources */ = {isa = PBXBuildFile; fileRef = 9E206F082C7E2E110013B0AB /* SceneDelegate.swift */; };
		9E206F252C7E2E110013B0AB /* AppDelegate.swift in Sources */ = {isa = PBXBuildFile; fileRef = 9E206F092C7E2E110013B0AB /* AppDelegate.swift */; };
		9E206F262C7E2E110013B0AB /* DS_Store in Resources */ = {isa = PBXBuildFile; fileRef = 9E206F0A2C7E2E110013B0AB /* DS_Store */; };
		9E206F272C7E2E110013B0AB /* HeaderModel.swift in Sources */ = {isa = PBXBuildFile; fileRef = 9E206F0C2C7E2E110013B0AB /* HeaderModel.swift */; };
		9E206F282C7E2E110013B0AB /* FactModel.swift in Sources */ = {isa = PBXBuildFile; fileRef = 9E206F0D2C7E2E110013B0AB /* FactModel.swift */; };
		9E206F292C7E2E110013B0AB /* RecipeModel.swift in Sources */ = {isa = PBXBuildFile; fileRef = 9E206F0E2C7E2E110013B0AB /* RecipeModel.swift */; };
		9E206F2A2C7E2E110013B0AB /* RipeningModel.swift in Sources */ = {isa = PBXBuildFile; fileRef = 9E206F0F2C7E2E110013B0AB /* RipeningModel.swift */; };
		9E206F2B2C7E2E110013B0AB /* LaunchScreen.storyboard in Resources */ = {isa = PBXBuildFile; fileRef = 9E206F112C7E2E110013B0AB /* LaunchScreen.storyboard */; };
/* End PBXBuildFile section */

/* Begin PBXContainerItemProxy section */
		9E206ED92C7E2D990013B0AB /* PBXContainerItemProxy */ = {
			isa = PBXContainerItemProxy;
			containerPortal = 9E206EC02C7E2D960013B0AB /* Project object */;
			proxyType = 1;
			remoteGlobalIDString = 9E206EC72C7E2D960013B0AB;
			remoteInfo = Avacados;
		};
		9E206EE32C7E2D990013B0AB /* PBXContainerItemProxy */ = {
			isa = PBXContainerItemProxy;
			containerPortal = 9E206EC02C7E2D960013B0AB /* Project object */;
			proxyType = 1;
			remoteGlobalIDString = 9E206EC72C7E2D960013B0AB;
			remoteInfo = Avacados;
		};
/* End PBXContainerItemProxy section */

/* Begin PBXFileReference section */
		9E206EC82C7E2D960013B0AB /* Avacados.app */ = {isa = PBXFileReference; explicitFileType = wrapper.application; includeInIndex = 0; path = Avacados.app; sourceTree = BUILT_PRODUCTS_DIR; };
		9E206ECB2C7E2D960013B0AB /* AvacadosApp.swift */ = {isa = PBXFileReference; lastKnownFileType = sourcecode.swift; path = AvacadosApp.swift; sourceTree = "<group>"; };
		9E206ECD2C7E2D960013B0AB /* ContentView.swift */ = {isa = PBXFileReference; lastKnownFileType = sourcecode.swift; path = ContentView.swift; sourceTree = "<group>"; };
		9E206ECF2C7E2D980013B0AB /* Assets.xcassets */ = {isa = PBXFileReference; lastKnownFileType = folder.assetcatalog; path = Assets.xcassets; sourceTree = "<group>"; };
		9E206ED22C7E2D980013B0AB /* Preview Assets.xcassets */ = {isa = PBXFileReference; lastKnownFileType = folder.assetcatalog; path = "Preview Assets.xcassets"; sourceTree = "<group>"; };
		9E206ED82C7E2D990013B0AB /* AvacadosTests.xctest */ = {isa = PBXFileReference; explicitFileType = wrapper.cfbundle; includeInIndex = 0; path = AvacadosTests.xctest; sourceTree = BUILT_PRODUCTS_DIR; };
		9E206EDC2C7E2D990013B0AB /* AvacadosTests.swift */ = {isa = PBXFileReference; lastKnownFileType = sourcecode.swift; path = AvacadosTests.swift; sourceTree = "<group>"; };
		9E206EE22C7E2D990013B0AB /* AvacadosUITests.xctest */ = {isa = PBXFileReference; explicitFileType = wrapper.cfbundle; includeInIndex = 0; path = AvacadosUITests.xctest; sourceTree = BUILT_PRODUCTS_DIR; };
		9E206EE62C7E2D990013B0AB /* AvacadosUITests.swift */ = {isa = PBXFileReference; lastKnownFileType = sourcecode.swift; path = AvacadosUITests.swift; sourceTree = "<group>"; };
		9E206EE82C7E2D990013B0AB /* AvacadosUITestsLaunchTests.swift */ = {isa = PBXFileReference; lastKnownFileType = sourcecode.swift; path = AvacadosUITestsLaunchTests.swift; sourceTree = "<group>"; };
		9E206EF62C7E2E100013B0AB /* RecipeData.swift */ = {isa = PBXFileReference; fileEncoding = 4; lastKnownFileType = sourcecode.swift; path = RecipeData.swift; sourceTree = "<group>"; };
		9E206EF72C7E2E100013B0AB /* FactData.swift */ = {isa = PBXFileReference; fileEncoding = 4; lastKnownFileType = sourcecode.swift; path = FactData.swift; sourceTree = "<group>"; };
		9E206EF82C7E2E100013B0AB /* HeaderData.swift */ = {isa = PBXFileReference; fileEncoding = 4; lastKnownFileType = sourcecode.swift; path = HeaderData.swift; sourceTree = "<group>"; };
		9E206EF92C7E2E100013B0AB /* RipeningData.swift */ = {isa = PBXFileReference; fileEncoding = 4; lastKnownFileType = sourcecode.swift; path = RipeningData.swift; sourceTree = "<group>"; };
		9E206EFB2C7E2E100013B0AB /* AvocadosView.swift */ = {isa = PBXFileReference; fileEncoding = 4; lastKnownFileType = sourcecode.swift; path = AvocadosView.swift; sourceTree = "<group>"; };
		9E206EFC2C7E2E110013B0AB /* FactsView.swift */ = {isa = PBXFileReference; fileEncoding = 4; lastKnownFileType = sourcecode.swift; path = FactsView.swift; sourceTree = "<group>"; };
		9E206EFD2C7E2E110013B0AB /* SettingsView.swift */ = {isa = PBXFileReference; fileEncoding = 4; lastKnownFileType = sourcecode.swift; path = SettingsView.swift; sourceTree = "<group>"; };
		9E206EFE2C7E2E110013B0AB /* AppView.swift */ = {isa = PBXFileReference; fileEncoding = 4; lastKnownFileType = sourcecode.swift; path = AppView.swift; sourceTree = "<group>"; };
		9E206EFF2C7E2E110013B0AB /* RipeningStagesView.swift */ = {isa = PBXFileReference; fileEncoding = 4; lastKnownFileType = sourcecode.swift; path = RipeningStagesView.swift; sourceTree = "<group>"; };
		9E206F002C7E2E110013B0AB /* DishesView.swift */ = {isa = PBXFileReference; fileEncoding = 4; lastKnownFileType = sourcecode.swift; path = DishesView.swift; sourceTree = "<group>"; };
		9E206F012C7E2E110013B0AB /* RipeningView.swift */ = {isa = PBXFileReference; fileEncoding = 4; lastKnownFileType = sourcecode.swift; path = RipeningView.swift; sourceTree = "<group>"; };
		9E206F022C7E2E110013B0AB /* HeaderView.swift */ = {isa = PBXFileReference; fileEncoding = 4; lastKnownFileType = sourcecode.swift; path = HeaderView.swift; sourceTree = "<group>"; };
		9E206F032C7E2E110013B0AB /* RecipeCookingView.swift */ = {isa = PBXFileReference; fileEncoding = 4; lastKnownFileType = sourcecode.swift; path = RecipeCookingView.swift; sourceTree = "<group>"; };
		9E206F042C7E2E110013B0AB /* RecipeCardView.swift */ = {isa = PBXFileReference; fileEncoding = 4; lastKnownFileType = sourcecode.swift; path = RecipeCardView.swift; sourceTree = "<group>"; };
		9E206F052C7E2E110013B0AB /* RecipeDetailView.swift */ = {isa = PBXFileReference; fileEncoding = 4; lastKnownFileType = sourcecode.swift; path = RecipeDetailView.swift; sourceTree = "<group>"; };
		9E206F062C7E2E110013B0AB /* RecipeRatingView.swift */ = {isa = PBXFileReference; fileEncoding = 4; lastKnownFileType = sourcecode.swift; path = RecipeRatingView.swift; sourceTree = "<group>"; };
		9E206F082C7E2E110013B0AB /* SceneDelegate.swift */ = {isa = PBXFileReference; fileEncoding = 4; lastKnownFileType = sourcecode.swift; path = SceneDelegate.swift; sourceTree = "<group>"; };
		9E206F092C7E2E110013B0AB /* AppDelegate.swift */ = {isa = PBXFileReference; fileEncoding = 4; lastKnownFileType = sourcecode.swift; path = AppDelegate.swift; sourceTree = "<group>"; };
		9E206F0A2C7E2E110013B0AB /* DS_Store */ = {isa = PBXFileReference; lastKnownFileType = file; path = DS_Store; sourceTree = "<group>"; };
		9E206F0C2C7E2E110013B0AB /* HeaderModel.swift */ = {isa = PBXFileReference; fileEncoding = 4; lastKnownFileType = sourcecode.swift; path = HeaderModel.swift; sourceTree = "<group>"; };
		9E206F0D2C7E2E110013B0AB /* FactModel.swift */ = {isa = PBXFileReference; fileEncoding = 4; lastKnownFileType = sourcecode.swift; path = FactModel.swift; sourceTree = "<group>"; };
		9E206F0E2C7E2E110013B0AB /* RecipeModel.swift */ = {isa = PBXFileReference; fileEncoding = 4; lastKnownFileType = sourcecode.swift; path = RecipeModel.swift; sourceTree = "<group>"; };
		9E206F0F2C7E2E110013B0AB /* RipeningModel.swift */ = {isa = PBXFileReference; fileEncoding = 4; lastKnownFileType = sourcecode.swift; path = RipeningModel.swift; sourceTree = "<group>"; };
		9E206F122C7E2E110013B0AB /* Base */ = {isa = PBXFileReference; lastKnownFileType = file.storyboard; name = Base; path = LaunchScreen.storyboard; sourceTree = "<group>"; };
/* End PBXFileReference section */

/* Begin PBXFrameworksBuildPhase section */
		9E206EC52C7E2D960013B0AB /* Frameworks */ = {
			isa = PBXFrameworksBuildPhase;
			buildActionMask = 2147483647;
			files = (
			);
			runOnlyForDeploymentPostprocessing = 0;
		};
		9E206ED52C7E2D990013B0AB /* Frameworks */ = {
			isa = PBXFrameworksBuildPhase;
			buildActionMask = 2147483647;
			files = (
			);
			runOnlyForDeploymentPostprocessing = 0;
		};
		9E206EDF2C7E2D990013B0AB /* Frameworks */ = {
			isa = PBXFrameworksBuildPhase;
			buildActionMask = 2147483647;
			files = (
			);
			runOnlyForDeploymentPostprocessing = 0;
		};
/* End PBXFrameworksBuildPhase section */

/* Begin PBXGroup section */
		9E206EBF2C7E2D960013B0AB = {
			isa = PBXGroup;
			children = (
				9E206ECA2C7E2D960013B0AB /* Avacados */,
				9E206EDB2C7E2D990013B0AB /* AvacadosTests */,
				9E206EE52C7E2D990013B0AB /* AvacadosUITests */,
				9E206EC92C7E2D960013B0AB /* Products */,
			);
			sourceTree = "<group>";
		};
		9E206EC92C7E2D960013B0AB /* Products */ = {
			isa = PBXGroup;
			children = (
				9E206EC82C7E2D960013B0AB /* Avacados.app */,
				9E206ED82C7E2D990013B0AB /* AvacadosTests.xctest */,
				9E206EE22C7E2D990013B0AB /* AvacadosUITests.xctest */,
			);
			name = Products;
			sourceTree = "<group>";
		};
		9E206ECA2C7E2D960013B0AB /* Avacados */ = {
			isa = PBXGroup;
			children = (
				9E206F092C7E2E110013B0AB /* AppDelegate.swift */,
				9E206F102C7E2E110013B0AB /* Base.lproj */,
				9E206EF52C7E2E100013B0AB /* Data */,
				9E206F0A2C7E2E110013B0AB /* DS_Store */,
				9E206F0B2C7E2E110013B0AB /* Model */,
				9E206F082C7E2E110013B0AB /* SceneDelegate.swift */,
				9E206EFA2C7E2E100013B0AB /* View */,
				9E206ECB2C7E2D960013B0AB /* AvacadosApp.swift */,
				9E206ECD2C7E2D960013B0AB /* ContentView.swift */,
				9E206ECF2C7E2D980013B0AB /* Assets.xcassets */,
				9E206ED12C7E2D980013B0AB /* Preview Content */,
			);
			path = Avacados;
			sourceTree = "<group>";
		};
		9E206ED12C7E2D980013B0AB /* Preview Content */ = {
			isa = PBXGroup;
			children = (
				9E206ED22C7E2D980013B0AB /* Preview Assets.xcassets */,
			);
			path = "Preview Content";
			sourceTree = "<group>";
		};
		9E206EDB2C7E2D990013B0AB /* AvacadosTests */ = {
			isa = PBXGroup;
			children = (
				9E206EDC2C7E2D990013B0AB /* AvacadosTests.swift */,
			);
			path = AvacadosTests;
			sourceTree = "<group>";
		};
		9E206EE52C7E2D990013B0AB /* AvacadosUITests */ = {
			isa = PBXGroup;
			children = (
				9E206EE62C7E2D990013B0AB /* AvacadosUITests.swift */,
				9E206EE82C7E2D990013B0AB /* AvacadosUITestsLaunchTests.swift */,
			);
			path = AvacadosUITests;
			sourceTree = "<group>";
		};
		9E206EF52C7E2E100013B0AB /* Data */ = {
			isa = PBXGroup;
			children = (
				9E206EF62C7E2E100013B0AB /* RecipeData.swift */,
				9E206EF72C7E2E100013B0AB /* FactData.swift */,
				9E206EF82C7E2E100013B0AB /* HeaderData.swift */,
				9E206EF92C7E2E100013B0AB /* RipeningData.swift */,
			);
			path = Data;
			sourceTree = "<group>";
		};
		9E206EFA2C7E2E100013B0AB /* View */ = {
			isa = PBXGroup;
			children = (
				9E206EFB2C7E2E100013B0AB /* AvocadosView.swift */,
				9E206EFC2C7E2E110013B0AB /* FactsView.swift */,
				9E206EFD2C7E2E110013B0AB /* SettingsView.swift */,
				9E206EFE2C7E2E110013B0AB /* AppView.swift */,
				9E206EFF2C7E2E110013B0AB /* RipeningStagesView.swift */,
				9E206F002C7E2E110013B0AB /* DishesView.swift */,
				9E206F012C7E2E110013B0AB /* RipeningView.swift */,
				9E206F022C7E2E110013B0AB /* HeaderView.swift */,
				9E206F032C7E2E110013B0AB /* RecipeCookingView.swift */,
				9E206F042C7E2E110013B0AB /* RecipeCardView.swift */,
				9E206F052C7E2E110013B0AB /* RecipeDetailView.swift */,
				9E206F062C7E2E110013B0AB /* RecipeRatingView.swift */,
			);
			path = View;
			sourceTree = "<group>";
		};
		9E206F0B2C7E2E110013B0AB /* Model */ = {
			isa = PBXGroup;
			children = (
				9E206F0C2C7E2E110013B0AB /* HeaderModel.swift */,
				9E206F0D2C7E2E110013B0AB /* FactModel.swift */,
				9E206F0E2C7E2E110013B0AB /* RecipeModel.swift */,
				9E206F0F2C7E2E110013B0AB /* RipeningModel.swift */,
			);
			path = Model;
			sourceTree = "<group>";
		};
		9E206F102C7E2E110013B0AB /* Base.lproj */ = {
			isa = PBXGroup;
			children = (
				9E206F112C7E2E110013B0AB /* LaunchScreen.storyboard */,
			);
			path = Base.lproj;
			sourceTree = "<group>";
		};
/* End PBXGroup section */

/* Begin PBXNativeTarget section */
		9E206EC72C7E2D960013B0AB /* Avacados */ = {
			isa = PBXNativeTarget;
			buildConfigurationList = 9E206EEC2C7E2D990013B0AB /* Build configuration list for PBXNativeTarget "Avacados" */;
			buildPhases = (
				9E206EC42C7E2D960013B0AB /* Sources */,
				9E206EC52C7E2D960013B0AB /* Frameworks */,
				9E206EC62C7E2D960013B0AB /* Resources */,
			);
			buildRules = (
			);
			dependencies = (
			);
			name = Avacados;
			productName = Avacados;
			productReference = 9E206EC82C7E2D960013B0AB /* Avacados.app */;
			productType = "com.apple.product-type.application";
		};
		9E206ED72C7E2D990013B0AB /* AvacadosTests */ = {
			isa = PBXNativeTarget;
			buildConfigurationList = 9E206EEF2C7E2D990013B0AB /* Build configuration list for PBXNativeTarget "AvacadosTests" */;
			buildPhases = (
				9E206ED42C7E2D990013B0AB /* Sources */,
				9E206ED52C7E2D990013B0AB /* Frameworks */,
				9E206ED62C7E2D990013B0AB /* Resources */,
			);
			buildRules = (
			);
			dependencies = (
				9E206EDA2C7E2D990013B0AB /* PBXTargetDependency */,
			);
			name = AvacadosTests;
			productName = AvacadosTests;
			productReference = 9E206ED82C7E2D990013B0AB /* AvacadosTests.xctest */;
			productType = "com.apple.product-type.bundle.unit-test";
		};
		9E206EE12C7E2D990013B0AB /* AvacadosUITests */ = {
			isa = PBXNativeTarget;
			buildConfigurationList = 9E206EF22C7E2D990013B0AB /* Build configuration list for PBXNativeTarget "AvacadosUITests" */;
			buildPhases = (
				9E206EDE2C7E2D990013B0AB /* Sources */,
				9E206EDF2C7E2D990013B0AB /* Frameworks */,
				9E206EE02C7E2D990013B0AB /* Resources */,
			);
			buildRules = (
			);
			dependencies = (
				9E206EE42C7E2D990013B0AB /* PBXTargetDependency */,
			);
			name = AvacadosUITests;
			productName = AvacadosUITests;
			productReference = 9E206EE22C7E2D990013B0AB /* AvacadosUITests.xctest */;
			productType = "com.apple.product-type.bundle.ui-testing";
		};
/* End PBXNativeTarget section */

/* Begin PBXProject section */
		9E206EC02C7E2D960013B0AB /* Project object */ = {
			isa = PBXProject;
			attributes = {
				BuildIndependentTargetsInParallel = 1;
				LastSwiftUpdateCheck = 1400;
				LastUpgradeCheck = 1400;
				TargetAttributes = {
					9E206EC72C7E2D960013B0AB = {
						CreatedOnToolsVersion = 14.0.1;
					};
					9E206ED72C7E2D990013B0AB = {
						CreatedOnToolsVersion = 14.0.1;
						TestTargetID = 9E206EC72C7E2D960013B0AB;
					};
					9E206EE12C7E2D990013B0AB = {
						CreatedOnToolsVersion = 14.0.1;
						TestTargetID = 9E206EC72C7E2D960013B0AB;
					};
				};
			};
			buildConfigurationList = 9E206EC32C7E2D960013B0AB /* Build configuration list for PBXProject "Avacados" */;
			compatibilityVersion = "Xcode 14.0";
			developmentRegion = en;
			hasScannedForEncodings = 0;
			knownRegions = (
				en,
				Base,
			);
			mainGroup = 9E206EBF2C7E2D960013B0AB;
			productRefGroup = 9E206EC92C7E2D960013B0AB /* Products */;
			projectDirPath = "";
			projectRoot = "";
			targets = (
				9E206EC72C7E2D960013B0AB /* Avacados */,
				9E206ED72C7E2D990013B0AB /* AvacadosTests */,
				9E206EE12C7E2D990013B0AB /* AvacadosUITests */,
			);
		};
/* End PBXProject section */

/* Begin PBXResourcesBuildPhase section */
		9E206EC62C7E2D960013B0AB /* Resources */ = {
			isa = PBXResourcesBuildPhase;
			buildActionMask = 2147483647;
			files = (
				9E206ED32C7E2D980013B0AB /* Preview Assets.xcassets in Resources */,
				9E206F2B2C7E2E110013B0AB /* LaunchScreen.storyboard in Resources */,
				9E206ED02C7E2D980013B0AB /* Assets.xcassets in Resources */,
				9E206F262C7E2E110013B0AB /* DS_Store in Resources */,
			);
			runOnlyForDeploymentPostprocessing = 0;
		};
		9E206ED62C7E2D990013B0AB /* Resources */ = {
			isa = PBXResourcesBuildPhase;
			buildActionMask = 2147483647;
			files = (
			);
			runOnlyForDeploymentPostprocessing = 0;
		};
		9E206EE02C7E2D990013B0AB /* Resources */ = {
			isa = PBXResourcesBuildPhase;
			buildActionMask = 2147483647;
			files = (
			);
			runOnlyForDeploymentPostprocessing = 0;
		};
/* End PBXResourcesBuildPhase section */

/* Begin PBXSourcesBuildPhase section */
		9E206EC42C7E2D960013B0AB /* Sources */ = {
			isa = PBXSourcesBuildPhase;
			buildActionMask = 2147483647;
			files = (
				9E206F132C7E2E110013B0AB /* RecipeData.swift in Sources */,
				9E206F142C7E2E110013B0AB /* FactData.swift in Sources */,
				9E206F2A2C7E2E110013B0AB /* RipeningModel.swift in Sources */,
				9E206F1C2C7E2E110013B0AB /* DishesView.swift in Sources */,
				9E206F172C7E2E110013B0AB /* AvocadosView.swift in Sources */,
				9E206F192C7E2E110013B0AB /* SettingsView.swift in Sources */,
				9E206F292C7E2E110013B0AB /* RecipeModel.swift in Sources */,
				9E206F282C7E2E110013B0AB /* FactModel.swift in Sources */,
				9E206ECE2C7E2D960013B0AB /* ContentView.swift in Sources */,
				9E206F1D2C7E2E110013B0AB /* RipeningView.swift in Sources */,
				9E206F222C7E2E110013B0AB /* RecipeRatingView.swift in Sources */,
				9E206F162C7E2E110013B0AB /* RipeningData.swift in Sources */,
				9E206F1F2C7E2E110013B0AB /* RecipeCookingView.swift in Sources */,
				9E206F152C7E2E110013B0AB /* HeaderData.swift in Sources */,
				9E206F272C7E2E110013B0AB /* HeaderModel.swift in Sources */,
				9E206F182C7E2E110013B0AB /* FactsView.swift in Sources */,
				9E206F1B2C7E2E110013B0AB /* RipeningStagesView.swift in Sources */,
				9E206F202C7E2E110013B0AB /* RecipeCardView.swift in Sources */,
				9E206F242C7E2E110013B0AB /* SceneDelegate.swift in Sources */,
				9E206F1A2C7E2E110013B0AB /* AppView.swift in Sources */,
				9E206ECC2C7E2D960013B0AB /* AvacadosApp.swift in Sources */,
				9E206F252C7E2E110013B0AB /* AppDelegate.swift in Sources */,
				9E206F1E2C7E2E110013B0AB /* HeaderView.swift in Sources */,
				9E206F212C7E2E110013B0AB /* RecipeDetailView.swift in Sources */,
			);
			runOnlyForDeploymentPostprocessing = 0;
		};
		9E206ED42C7E2D990013B0AB /* Sources */ = {
			isa = PBXSourcesBuildPhase;
			buildActionMask = 2147483647;
			files = (
				9E206EDD2C7E2D990013B0AB /* AvacadosTests.swift in Sources */,
			);
			runOnlyForDeploymentPostprocessing = 0;
		};
		9E206EDE2C7E2D990013B0AB /* Sources */ = {
			isa = PBXSourcesBuildPhase;
			buildActionMask = 2147483647;
			files = (
				9E206EE92C7E2D990013B0AB /* AvacadosUITestsLaunchTests.swift in Sources */,
				9E206EE72C7E2D990013B0AB /* AvacadosUITests.swift in Sources */,
			);
			runOnlyForDeploymentPostprocessing = 0;
		};
/* End PBXSourcesBuildPhase section */

/* Begin PBXTargetDependency section */
		9E206EDA2C7E2D990013B0AB /* PBXTargetDependency */ = {
			isa = PBXTargetDependency;
			target = 9E206EC72C7E2D960013B0AB /* Avacados */;
			targetProxy = 9E206ED92C7E2D990013B0AB /* PBXContainerItemProxy */;
		};
		9E206EE42C7E2D990013B0AB /* PBXTargetDependency */ = {
			isa = PBXTargetDependency;
			target = 9E206EC72C7E2D960013B0AB /* Avacados */;
			targetProxy = 9E206EE32C7E2D990013B0AB /* PBXContainerItemProxy */;
		};
/* End PBXTargetDependency section */

/* Begin PBXVariantGroup section */
		9E206F112C7E2E110013B0AB /* LaunchScreen.storyboard */ = {
			isa = PBXVariantGroup;
			children = (
				9E206F122C7E2E110013B0AB /* Base */,
			);
			name = LaunchScreen.storyboard;
			sourceTree = "<group>";
		};
/* End PBXVariantGroup section */

/* Begin XCBuildConfiguration section */
		9E206EEA2C7E2D990013B0AB /* Debug */ = {
			isa = XCBuildConfiguration;
			buildSettings = {
				ALWAYS_SEARCH_USER_PATHS = NO;
				CLANG_ANALYZER_NONNULL = YES;
				CLANG_ANALYZER_NUMBER_OBJECT_CONVERSION = YES_AGGRESSIVE;
				CLANG_CXX_LANGUAGE_STANDARD = "gnu++20";
				CLANG_ENABLE_MODULES = YES;
				CLANG_ENABLE_OBJC_ARC = YES;
				CLANG_ENABLE_OBJC_WEAK = YES;
				CLANG_WARN_BLOCK_CAPTURE_AUTORELEASING = YES;
				CLANG_WARN_BOOL_CONVERSION = YES;
				CLANG_WARN_COMMA = YES;
				CLANG_WARN_CONSTANT_CONVERSION = YES;
				CLANG_WARN_DEPRECATED_OBJC_IMPLEMENTATIONS = YES;
				CLANG_WARN_DIRECT_OBJC_ISA_USAGE = YES_ERROR;
				CLANG_WARN_DOCUMENTATION_COMMENTS = YES;
				CLANG_WARN_EMPTY_BODY = YES;
				CLANG_WARN_ENUM_CONVERSION = YES;
				CLANG_WARN_INFINITE_RECURSION = YES;
				CLANG_WARN_INT_CONVERSION = YES;
				CLANG_WARN_NON_LITERAL_NULL_CONVERSION = YES;
				CLANG_WARN_OBJC_IMPLICIT_RETAIN_SELF = YES;
				CLANG_WARN_OBJC_LITERAL_CONVERSION = YES;
				CLANG_WARN_OBJC_ROOT_CLASS = YES_ERROR;
				CLANG_WARN_QUOTED_INCLUDE_IN_FRAMEWORK_HEADER = YES;
				CLANG_WARN_RANGE_LOOP_ANALYSIS = YES;
				CLANG_WARN_STRICT_PROTOTYPES = YES;
				CLANG_WARN_SUSPICIOUS_MOVE = YES;
				CLANG_WARN_UNGUARDED_AVAILABILITY = YES_AGGRESSIVE;
				CLANG_WARN_UNREACHABLE_CODE = YES;
				CLANG_WARN__DUPLICATE_METHOD_MATCH = YES;
				COPY_PHASE_STRIP = NO;
				DEBUG_INFORMATION_FORMAT = dwarf;
				ENABLE_STRICT_OBJC_MSGSEND = YES;
				ENABLE_TESTABILITY = YES;
				GCC_C_LANGUAGE_STANDARD = gnu11;
				GCC_DYNAMIC_NO_PIC = NO;
				GCC_NO_COMMON_BLOCKS = YES;
				GCC_OPTIMIZATION_LEVEL = 0;
				GCC_PREPROCESSOR_DEFINITIONS = (
					"DEBUG=1",
					"$(inherited)",
				);
				GCC_WARN_64_TO_32_BIT_CONVERSION = YES;
				GCC_WARN_ABOUT_RETURN_TYPE = YES_ERROR;
				GCC_WARN_UNDECLARED_SELECTOR = YES;
				GCC_WARN_UNINITIALIZED_AUTOS = YES_AGGRESSIVE;
				GCC_WARN_UNUSED_FUNCTION = YES;
				GCC_WARN_UNUSED_VARIABLE = YES;
				IPHONEOS_DEPLOYMENT_TARGET = 16.0;
				MTL_ENABLE_DEBUG_INFO = INCLUDE_SOURCE;
				MTL_FAST_MATH = YES;
				ONLY_ACTIVE_ARCH = YES;
				SDKROOT = iphoneos;
				SWIFT_ACTIVE_COMPILATION_CONDITIONS = DEBUG;
				SWIFT_OPTIMIZATION_LEVEL = "-Onone";
			};
			name = Debug;
		};
		9E206EEB2C7E2D990013B0AB /* Release */ = {
			isa = XCBuildConfiguration;
			buildSettings = {
				ALWAYS_SEARCH_USER_PATHS = NO;
				CLANG_ANALYZER_NONNULL = YES;
				CLANG_ANALYZER_NUMBER_OBJECT_CONVERSION = YES_AGGRESSIVE;
				CLANG_CXX_LANGUAGE_STANDARD = "gnu++20";
				CLANG_ENABLE_MODULES = YES;
				CLANG_ENABLE_OBJC_ARC = YES;
				CLANG_ENABLE_OBJC_WEAK = YES;
				CLANG_WARN_BLOCK_CAPTURE_AUTORELEASING = YES;
				CLANG_WARN_BOOL_CONVERSION = YES;
				CLANG_WARN_COMMA = YES;
				CLANG_WARN_CONSTANT_CONVERSION = YES;
				CLANG_WARN_DEPRECATED_OBJC_IMPLEMENTATIONS = YES;
				CLANG_WARN_DIRECT_OBJC_ISA_USAGE = YES_ERROR;
				CLANG_WARN_DOCUMENTATION_COMMENTS = YES;
				CLANG_WARN_EMPTY_BODY = YES;
				CLANG_WARN_ENUM_CONVERSION = YES;
				CLANG_WARN_INFINITE_RECURSION = YES;
				CLANG_WARN_INT_CONVERSION = YES;
				CLANG_WARN_NON_LITERAL_NULL_CONVERSION = YES;
				CLANG_WARN_OBJC_IMPLICIT_RETAIN_SELF = YES;
				CLANG_WARN_OBJC_LITERAL_CONVERSION = YES;
				CLANG_WARN_OBJC_ROOT_CLASS = YES_ERROR;
				CLANG_WARN_QUOTED_INCLUDE_IN_FRAMEWORK_HEADER = YES;
				CLANG_WARN_RANGE_LOOP_ANALYSIS = YES;
				CLANG_WARN_STRICT_PROTOTYPES = YES;
				CLANG_WARN_SUSPICIOUS_MOVE = YES;
				CLANG_WARN_UNGUARDED_AVAILABILITY = YES_AGGRESSIVE;
				CLANG_WARN_UNREACHABLE_CODE = YES;
				CLANG_WARN__DUPLICATE_METHOD_MATCH = YES;
				COPY_PHASE_STRIP = NO;
				DEBUG_INFORMATION_FORMAT = "dwarf-with-dsym";
				ENABLE_NS_ASSERTIONS = NO;
				ENABLE_STRICT_OBJC_MSGSEND = YES;
				GCC_C_LANGUAGE_STANDARD = gnu11;
				GCC_NO_COMMON_BLOCKS = YES;
				GCC_WARN_64_TO_32_BIT_CONVERSION = YES;
				GCC_WARN_ABOUT_RETURN_TYPE = YES_ERROR;
				GCC_WARN_UNDECLARED_SELECTOR = YES;
				GCC_WARN_UNINITIALIZED_AUTOS = YES_AGGRESSIVE;
				GCC_WARN_UNUSED_FUNCTION = YES;
				GCC_WARN_UNUSED_VARIABLE = YES;
				IPHONEOS_DEPLOYMENT_TARGET = 16.0;
				MTL_ENABLE_DEBUG_INFO = NO;
				MTL_FAST_MATH = YES;
				SDKROOT = iphoneos;
				SWIFT_COMPILATION_MODE = wholemodule;
				SWIFT_OPTIMIZATION_LEVEL = "-O";
				VALIDATE_PRODUCT = YES;
			};
			name = Release;
		};
		9E206EED2C7E2D990013B0AB /* Debug */ = {
			isa = XCBuildConfiguration;
			buildSettings = {
				ASSETCATALOG_COMPILER_APPICON_NAME = AppIcon;
				ASSETCATALOG_COMPILER_GLOBAL_ACCENT_COLOR_NAME = AccentColor;
				CODE_SIGN_STYLE = Automatic;
				CURRENT_PROJECT_VERSION = 1;
				DEVELOPMENT_ASSET_PATHS = "\"Avacados/Preview Content\"";
				DEVELOPMENT_TEAM = CTU277PX96;
				ENABLE_PREVIEWS = YES;
				GENERATE_INFOPLIST_FILE = YES;
				INFOPLIST_KEY_UIApplicationSceneManifest_Generation = YES;
				INFOPLIST_KEY_UIApplicationSupportsIndirectInputEvents = YES;
				INFOPLIST_KEY_UILaunchScreen_Generation = YES;
				INFOPLIST_KEY_UISupportedInterfaceOrientations_iPad = "UIInterfaceOrientationPortrait UIInterfaceOrientationPortraitUpsideDown UIInterfaceOrientationLandscapeLeft UIInterfaceOrientationLandscapeRight";
				INFOPLIST_KEY_UISupportedInterfaceOrientations_iPhone = "UIInterfaceOrientationPortrait UIInterfaceOrientationLandscapeLeft UIInterfaceOrientationLandscapeRight";
				LD_RUNPATH_SEARCH_PATHS = (
					"$(inherited)",
					"@executable_path/Frameworks",
				);
				MARKETING_VERSION = 1.0;
				PRODUCT_BUNDLE_IDENTIFIER = com.Zafi.Avacados;
				PRODUCT_NAME = "$(TARGET_NAME)";
				SWIFT_EMIT_LOC_STRINGS = YES;
				SWIFT_VERSION = 5.0;
				TARGETED_DEVICE_FAMILY = "1,2";
			};
			name = Debug;
		};
		9E206EEE2C7E2D990013B0AB /* Release */ = {
			isa = XCBuildConfiguration;
			buildSettings = {
				ASSETCATALOG_COMPILER_APPICON_NAME = AppIcon;
				ASSETCATALOG_COMPILER_GLOBAL_ACCENT_COLOR_NAME = AccentColor;
				CODE_SIGN_STYLE = Automatic;
				CURRENT_PROJECT_VERSION = 1;
				DEVELOPMENT_ASSET_PATHS = "\"Avacados/Preview Content\"";
				DEVELOPMENT_TEAM = CTU277PX96;
				ENABLE_PREVIEWS = YES;
				GENERATE_INFOPLIST_FILE = YES;
				INFOPLIST_KEY_UIApplicationSceneManifest_Generation = YES;
				INFOPLIST_KEY_UIApplicationSupportsIndirectInputEvents = YES;
				INFOPLIST_KEY_UILaunchScreen_Generation = YES;
				INFOPLIST_KEY_UISupportedInterfaceOrientations_iPad = "UIInterfaceOrientationPortrait UIInterfaceOrientationPortraitUpsideDown UIInterfaceOrientationLandscapeLeft UIInterfaceOrientationLandscapeRight";
				INFOPLIST_KEY_UISupportedInterfaceOrientations_iPhone = "UIInterfaceOrientationPortrait UIInterfaceOrientationLandscapeLeft UIInterfaceOrientationLandscapeRight";
				LD_RUNPATH_SEARCH_PATHS = (
					"$(inherited)",
					"@executable_path/Frameworks",
				);
				MARKETING_VERSION = 1.0;
				PRODUCT_BUNDLE_IDENTIFIER = com.Zafi.Avacados;
				PRODUCT_NAME = "$(TARGET_NAME)";
				SWIFT_EMIT_LOC_STRINGS = YES;
				SWIFT_VERSION = 5.0;
				TARGETED_DEVICE_FAMILY = "1,2";
			};
			name = Release;
		};
		9E206EF02C7E2D990013B0AB /* Debug */ = {
			isa = XCBuildConfiguration;
			buildSettings = {
				ALWAYS_EMBED_SWIFT_STANDARD_LIBRARIES = YES;
				BUNDLE_LOADER = "$(TEST_HOST)";
				CODE_SIGN_STYLE = Automatic;
				CURRENT_PROJECT_VERSION = 1;
				DEVELOPMENT_TEAM = CTU277PX96;
				GENERATE_INFOPLIST_FILE = YES;
				IPHONEOS_DEPLOYMENT_TARGET = 16.0;
				MARKETING_VERSION = 1.0;
				PRODUCT_BUNDLE_IDENTIFIER = com.Zafi.AvacadosTests;
				PRODUCT_NAME = "$(TARGET_NAME)";
				SWIFT_EMIT_LOC_STRINGS = NO;
				SWIFT_VERSION = 5.0;
				TARGETED_DEVICE_FAMILY = "1,2";
				TEST_HOST = "$(BUILT_PRODUCTS_DIR)/Avacados.app/$(BUNDLE_EXECUTABLE_FOLDER_PATH)/Avacados";
			};
			name = Debug;
		};
		9E206EF12C7E2D990013B0AB /* Release */ = {
			isa = XCBuildConfiguration;
			buildSettings = {
				ALWAYS_EMBED_SWIFT_STANDARD_LIBRARIES = YES;
				BUNDLE_LOADER = "$(TEST_HOST)";
				CODE_SIGN_STYLE = Automatic;
				CURRENT_PROJECT_VERSION = 1;
				DEVELOPMENT_TEAM = CTU277PX96;
				GENERATE_INFOPLIST_FILE = YES;
				IPHONEOS_DEPLOYMENT_TARGET = 16.0;
				MARKETING_VERSION = 1.0;
				PRODUCT_BUNDLE_IDENTIFIER = com.Zafi.AvacadosTests;
				PRODUCT_NAME = "$(TARGET_NAME)";
				SWIFT_EMIT_LOC_STRINGS = NO;
				SWIFT_VERSION = 5.0;
				TARGETED_DEVICE_FAMILY = "1,2";
				TEST_HOST = "$(BUILT_PRODUCTS_DIR)/Avacados.app/$(BUNDLE_EXECUTABLE_FOLDER_PATH)/Avacados";
			};
			name = Release;
		};
		9E206EF32C7E2D990013B0AB /* Debug */ = {
			isa = XCBuildConfiguration;
			buildSettings = {
				ALWAYS_EMBED_SWIFT_STANDARD_LIBRARIES = YES;
				CODE_SIGN_STYLE = Automatic;
				CURRENT_PROJECT_VERSION = 1;
				DEVELOPMENT_TEAM = CTU277PX96;
				GENERATE_INFOPLIST_FILE = YES;
				MARKETING_VERSION = 1.0;
				PRODUCT_BUNDLE_IDENTIFIER = com.Zafi.AvacadosUITests;
				PRODUCT_NAME = "$(TARGET_NAME)";
				SWIFT_EMIT_LOC_STRINGS = NO;
				SWIFT_VERSION = 5.0;
				TARGETED_DEVICE_FAMILY = "1,2";
				TEST_TARGET_NAME = Avacados;
			};
			name = Debug;
		};
		9E206EF42C7E2D990013B0AB /* Release */ = {
			isa = XCBuildConfiguration;
			buildSettings = {
				ALWAYS_EMBED_SWIFT_STANDARD_LIBRARIES = YES;
				CODE_SIGN_STYLE = Automatic;
				CURRENT_PROJECT_VERSION = 1;
				DEVELOPMENT_TEAM = CTU277PX96;
				GENERATE_INFOPLIST_FILE = YES;
				MARKETING_VERSION = 1.0;
				PRODUCT_BUNDLE_IDENTIFIER = com.Zafi.AvacadosUITests;
				PRODUCT_NAME = "$(TARGET_NAME)";
				SWIFT_EMIT_LOC_STRINGS = NO;
				SWIFT_VERSION = 5.0;
				TARGETED_DEVICE_FAMILY = "1,2";
				TEST_TARGET_NAME = Avacados;
			};
			name = Release;
		};
/* End XCBuildConfiguration section */

/* Begin XCConfigurationList section */
		9E206EC32C7E2D960013B0AB /* Build configuration list for PBXProject "Avacados" */ = {
			isa = XCConfigurationList;
			buildConfigurations = (
				9E206EEA2C7E2D990013B0AB /* Debug */,
				9E206EEB2C7E2D990013B0AB /* Release */,
			);
			defaultConfigurationIsVisible = 0;
			defaultConfigurationName = Release;
		};
		9E206EEC2C7E2D990013B0AB /* Build configuration list for PBXNativeTarget "Avacados" */ = {
			isa = XCConfigurationList;
			buildConfigurations = (
				9E206EED2C7E2D990013B0AB /* Debug */,
				9E206EEE2C7E2D990013B0AB /* Release */,
			);
			defaultConfigurationIsVisible = 0;
			defaultConfigurationName = Release;
		};
		9E206EEF2C7E2D990013B0AB /* Build configuration list for PBXNativeTarget "AvacadosTests" */ = {
			isa = XCConfigurationList;
			buildConfigurations = (
				9E206EF02C7E2D990013B0AB /* Debug */,
				9E206EF12C7E2D990013B0AB /* Release */,
			);
			defaultConfigurationIsVisible = 0;
			defaultConfigurationName = Release;
		};
		9E206EF22C7E2D990013B0AB /* Build configuration list for PBXNativeTarget "AvacadosUITests" */ = {
			isa = XCConfigurationList;
			buildConfigurations = (
				9E206EF32C7E2D990013B0AB /* Debug */,
				9E206EF42C7E2D990013B0AB /* Release */,
			);
			defaultConfigurationIsVisible = 0;
			defaultConfigurationName = Release;
		};
/* End XCConfigurationList section */
	};
	rootObject = 9E206EC02C7E2D960013B0AB /* Project object */;
}
